
Microsoft Visual Studio Solution File, Format Version 12.00
# Visual Studio Version 17
VisualStudioVersion = 17.14.36121.58
MinimumVisualStudioVersion = 10.0.40219.1
Project("{FAE04EC0-301F-11D3-BF4B-00C04F79EFBC}") = "ReadHub.Libro.Api", "ReadHub.Libro.Api\ReadHub.Libro.Api.csproj", "{7C5DC671-E23C-465B-AC79-F124149AB6A4}"
EndProject
Project("{FAE04EC0-301F-11D3-BF4B-00C04F79EFBC}") = "ReadHub.Libro.Domain", "ReadHub.Libro.Domain\ReadHub.Libro.Domain.csproj", "{0E25722B-9BB7-4CFC-917F-057C471CAC8B}"
EndProject
Project("{FAE04EC0-301F-11D3-BF4B-00C04F79EFBC}") = "ReadHub.Libro.Application", "ReadHub.Libro.Application\ReadHub.Libro.Application.csproj", "{A6E47941-5FF1-4B2E-8BC5-ABC64CF62CAA}"
EndProject
Project("{FAE04EC0-301F-11D3-BF4B-00C04F79EFBC}") = "ReadHub.Libro.Infrastructure", "ReadHub.Libro.Infrastructure\ReadHub.Libro.Infrastructure.csproj", "{5FB0B8F9-7BD1-430B-8AF0-2AA276752868}"
EndProject
Global
	GlobalSection(SolutionConfigurationPlatforms) = preSolution
		Debug|Any CPU = Debug|Any CPU
		Release|Any CPU = Release|Any CPU
	EndGlobalSection
	GlobalSection(ProjectConfigurationPlatforms) = postSolution
		{7C5DC671-E23C-465B-AC79-F124149AB6A4}.Debug|Any CPU.ActiveCfg = Debug|Any CPU
		{7C5DC671-E23C-465B-AC79-F124149AB6A4}.Debug|Any CPU.Build.0 = Debug|Any CPU
		{7C5DC671-E23C-465B-AC79-F124149AB6A4}.Release|Any CPU.ActiveCfg = Release|Any CPU
		{7C5DC671-E23C-465B-AC79-F124149AB6A4}.Release|Any CPU.Build.0 = Release|Any CPU
		{0E25722B-9BB7-4CFC-917F-057C471CAC8B}.Debug|Any CPU.ActiveCfg = Debug|Any CPU
		{0E25722B-9BB7-4CFC-917F-057C471CAC8B}.Debug|Any CPU.Build.0 = Debug|Any CPU
		{0E25722B-9BB7-4CFC-917F-057C471CAC8B}.Release|Any CPU.ActiveCfg = Release|Any CPU
		{0E25722B-9BB7-4CFC-917F-057C471CAC8B}.Release|Any CPU.Build.0 = Release|Any CPU
		{A6E47941-5FF1-4B2E-8BC5-ABC64CF62CAA}.Debug|Any CPU.ActiveCfg = Debug|Any CPU
		{A6E47941-5FF1-4B2E-8BC5-ABC64CF62CAA}.Debug|Any CPU.Build.0 = Debug|Any CPU
		{A6E47941-5FF1-4B2E-8BC5-ABC64CF62CAA}.Release|Any CPU.ActiveCfg = Release|Any CPU
		{A6E47941-5FF1-4B2E-8BC5-ABC64CF62CAA}.Release|Any CPU.Build.0 = Release|Any CPU
		{5FB0B8F9-7BD1-430B-8AF0-2AA276752868}.Debug|Any CPU.ActiveCfg = Debug|Any CPU
		{5FB0B8F9-7BD1-430B-8AF0-2AA276752868}.Debug|Any CPU.Build.0 = Debug|Any CPU
		{5FB0B8F9-7BD1-430B-8AF0-2AA276752868}.Release|Any CPU.ActiveCfg = Release|Any CPU
		{5FB0B8F9-7BD1-430B-8AF0-2AA276752868}.Release|Any CPU.Build.0 = Release|Any CPU
	EndGlobalSection
	GlobalSection(SolutionProperties) = preSolution
		HideSolutionNode = FALSE
	EndGlobalSection
	GlobalSection(ExtensibilityGlobals) = postSolution
		SolutionGuid = {77FAECD2-7B95-45E0-9FCE-FE8B111FE0AA}
	EndGlobalSection
EndGlobal
